
Microsoft Visual Studio Solution File, Format Version 12.00
# Visual Studio Version 17
VisualStudioVersion = 17.0.32126.317
MinimumVisualStudioVersion = 10.0.40219.1
Project("{FAE04EC0-301F-11D3-BF4B-00C04F79EFBC}") = "Word Count", "Word Count\Word Count.csproj", "{23C4E911-E92C-4605-A287-B690B31DDCB6}"
EndProject
Global
	GlobalSection(SolutionConfigurationPlatforms) = preSolution
		Debug|Any CPU = Debug|Any CPU
		Release|Any CPU = Release|Any CPU
	EndGlobalSection
	GlobalSection(ProjectConfigurationPlatforms) = postSolution
		{23C4E911-E92C-4605-A287-B690B31DDCB6}.Debug|Any CPU.ActiveCfg = Debug|Any CPU
		{23C4E911-E92C-4605-A287-B690B31DDCB6}.Debug|Any CPU.Build.0 = Debug|Any CPU
		{23C4E911-E92C-4605-A287-B690B31DDCB6}.Release|Any CPU.ActiveCfg = Release|Any CPU
		{23C4E911-E92C-4605-A287-B690B31DDCB6}.Release|Any CPU.Build.0 = Release|Any CPU
	EndGlobalSection
	GlobalSection(SolutionProperties) = preSolution
		HideSolutionNode = FALSE
	EndGlobalSection
	GlobalSection(ExtensibilityGlobals) = postSolution
		SolutionGuid = {F61F6E9B-A7B2-4E8E-8C11-0005260CA6CA}
	EndGlobalSection
EndGlobal
